# THIS IS AN AUTOGENERATED FILE. DO NOT EDIT THIS FILE DIRECTLY.
# yarn lockfile v1


"@monaco-editor/loader@^1.3.2":
  version "1.3.2"
  resolved "https://registry.yarnpkg.com/@monaco-editor/loader/-/loader-1.3.2.tgz#04effbb87052d19cd7d3c9d81c0635490f9bb6d8"
  integrity sha512-BTDbpHl3e47r3AAtpfVFTlAi7WXv4UQ/xZmz8atKl4q7epQV5e7+JbigFDViWF71VBi4IIBdcWP57Hj+OWuc9g==
  dependencies:
    state-local "^1.0.6"

"@monaco-editor/react@4.4.5":
  version "4.4.5"
  resolved "https://registry.yarnpkg.com/@monaco-editor/react/-/react-4.4.5.tgz#beabe491efeb2457441a00d1c7651c653697f65b"
  integrity sha512-IImtzU7sRc66OOaQVCG+5PFHkSWnnhrUWGBuH6zNmH2h0YgmAhcjHZQc/6MY9JWEbUtVF1WPBMJ9u1XuFbRrVA==
  dependencies:
    "@monaco-editor/loader" "^1.3.2"
    prop-types "^15.7.2"

bluebird@^3.5.1:
  version "3.7.2"
  resolved "https://registry.yarnpkg.com/bluebird/-/bluebird-3.7.2.tgz#9f229c15be272454ffa973ace0dbee79a1b0c36f"
  integrity sha512-XpNj6GDQzdfW+r2Wnn7xiSAd7TM3jzkxGXBGTtWKuSXv1xUV+azxAm8jdWZN06QTQk+2N2XB9jRDkvbmQmcRtg==

csvtojson@2.0.10:
  version "2.0.10"
  resolved "https://registry.yarnpkg.com/csvtojson/-/csvtojson-2.0.10.tgz#11e7242cc630da54efce7958a45f443210357574"
  integrity sha512-lUWFxGKyhraKCW8Qghz6Z0f2l/PqB1W3AO0HKJzGIQ5JRSlR651ekJDiGJbBT4sRNNv5ddnSGVEnsxP9XRCVpQ==
  dependencies:
    bluebird "^3.5.1"
    lodash "^4.17.3"
    strip-bom "^2.0.0"

is-utf8@^0.2.0:
  version "0.2.1"
  resolved "https://registry.yarnpkg.com/is-utf8/-/is-utf8-0.2.1.tgz#4b0da1442104d1b336340e80797e865cf39f7d72"
  integrity sha1-Sw2hRCEE0bM2NA6AeX6GXPOffXI=

"js-tokens@^3.0.0 || ^4.0.0":
  version "4.0.0"
  resolved "https://registry.yarnpkg.com/js-tokens/-/js-tokens-4.0.0.tgz#19203fb59991df98e3a287050d4647cdeaf32499"
  integrity sha512-RdJUflcE3cUzKiMqQgsCu06FPu9UdIJO0beYbPhHN4k6apgJtifcoCtT9bcxOpYBtpD2kCM6Sbzg4CausW/PKQ==

lodash@^4.17.3:
  version "4.17.21"
  resolved "https://registry.yarnpkg.com/lodash/-/lodash-4.17.21.tgz#679591c564c3bffaae8454cf0b3df370c3d6911c"
  integrity sha512-v2kDEe57lecTulaDIuNTPy3Ry4gLGJ6Z1O3vE1krgXZNrsQ+LFTGHVxVjcXPs17LhbZVGedAJv8XZ1tvj5FvSg==

loose-envify@^1.4.0:
  version "1.4.0"
  resolved "https://registry.yarnpkg.com/loose-envify/-/loose-envify-1.4.0.tgz#71ee51fa7be4caec1a63839f7e682d8132d30caf"
  integrity sha512-lyuxPGr/Wfhrlem2CL/UcnUc1zcqKAImBDzukY7Y5F/yQiNdko6+fRLevlw1HgMySw7f611UIY408EtxRSoK3Q==
  dependencies:
    js-tokens "^3.0.0 || ^4.0.0"

object-assign@^4.1.1:
  version "4.1.1"
  resolved "https://registry.yarnpkg.com/object-assign/-/object-assign-4.1.1.tgz#2109adc7965887cfc05cbbd442cac8bfbb360863"
  integrity sha1-IQmtx5ZYh8/AXLvUQsrIv7s2CGM=

prop-types@^15.7.2:
  version "15.8.1"
  resolved "https://registry.yarnpkg.com/prop-types/-/prop-types-15.8.1.tgz#67d87bf1a694f48435cf332c24af10214a3140b5"
  integrity sha512-oj87CgZICdulUohogVAR7AjlC0327U4el4L6eAvOqCeudMDVU0NThNaV+b9Df4dXgSP1gXMTnPdhfe/2qDH5cg==
  dependencies:
    loose-envify "^1.4.0"
    object-assign "^4.1.1"
    react-is "^16.13.1"

react-is@^16.13.1:
  version "16.13.1"
  resolved "https://registry.yarnpkg.com/react-is/-/react-is-16.13.1.tgz#789729a4dc36de2999dc156dd6c1d9c18cea56a4"
  integrity sha512-24e6ynE2H+OKt4kqsOvNd8kBpV65zoxbA4BVsEOB3ARVWQki/DHzaUoC5KuON/BiccDaCCTZBuOcfZs70kR8bQ==

react-singleton-hook@3.3.0:
  version "3.3.0"
  resolved "https://registry.yarnpkg.com/react-singleton-hook/-/react-singleton-hook-3.3.0.tgz#4da1d8ccc9fb21662f40f7e200516b8452fc552f"
  integrity sha512-U0qLp7LkpqPAnSQkKNPQmMd0mhar8hAm4VL+3y/bJFoi9H817wl+gM0z7RAMfOE49E8tlCMroEavqwJa6wItlg==

state-local@^1.0.6:
  version "1.0.7"
  resolved "https://registry.yarnpkg.com/state-local/-/state-local-1.0.7.tgz#da50211d07f05748d53009bee46307a37db386d5"
  integrity sha512-HTEHMNieakEnoe33shBYcZ7NX83ACUjCu8c40iOGEZsngj9zRnkqS9j1pqQPXwobB0ZcVTk27REb7COQ0UR59w==

strip-bom@^2.0.0:
  version "2.0.0"
  resolved "https://registry.yarnpkg.com/strip-bom/-/strip-bom-2.0.0.tgz#6219a85616520491f35788bdbf1447a99c7e6b0e"
  integrity sha1-YhmoVhZSBJHzV4i9vxRHqZx+aw4=
  dependencies:
    is-utf8 "^0.2.0"
